
Microsoft Visual Studio Solution File, Format Version 12.00
# Visual Studio 2013
VisualStudioVersion = 12.0.40629.0
MinimumVisualStudioVersion = 10.0.40219.1
Project("{2150E333-8FDC-42A3-9474-1A3956D46DE8}") = "MazeSharp.Presentation", "MazeSharp.Presentation", "{0A387065-0C97-4FD4-8403-D0CAA493DDEC}"
EndProject
Project("{FAE04EC0-301F-11D3-BF4B-00C04F79EFBC}") = "MazeSharp.Domain", "Maze.Domain\MazeSharp.Domain.csproj", "{1F6035E4-9612-4EAC-9B7F-84E34217B87E}"
EndProject
Project("{FAE04EC0-301F-11D3-BF4B-00C04F79EFBC}") = "MazeSharp.Tests", "Maze.Tests\MazeSharp.Tests.csproj", "{2B00D4EF-518C-4929-9527-9DF54DE29A1B}"
EndProject
Project("{FAE04EC0-301F-11D3-BF4B-00C04F79EFBC}") = "MazeSharp.Web", "MazeSharp.Web\MazeSharp.Web.csproj", "{BD309F6C-ABE2-41C3-9E83-A2E577EDD2DD}"
EndProject
Project("{FAE04EC0-301F-11D3-BF4B-00C04F79EFBC}") = "MazeSharp.Interfaces", "MazeSharp.Interfaces\MazeSharp.Interfaces.csproj", "{3AE60326-5304-4331-A466-2E02BE677927}"
EndProject
Project("{FAE04EC0-301F-11D3-BF4B-00C04F79EFBC}") = "MazeSharp.Players", "MazeSharp.Players\MazeSharp.Players.csproj", "{FB62C7B3-A8AC-4855-BB26-432641E745F9}"
EndProject
Project("{F2A71F9B-5D33-465A-A702-920D77279786}") = "MazeSharp.PlayersF", "MazeSharp.PlayersF\MazeSharp.PlayersF.fsproj", "{B2F690BD-2B1A-4252-96A9-E75AF656FEE4}"
EndProject
Project("{FAE04EC0-301F-11D3-BF4B-00C04F79EFBC}") = "MazeSharp.Cerbot", "MazeSharp.Cerbot\MazeSharp.Cerbot.csproj", "{1BD1AD52-A529-4384-8339-C5F619CCAAC0}"
EndProject
Global
	GlobalSection(SolutionConfigurationPlatforms) = preSolution
		Debug|Any CPU = Debug|Any CPU
		Release|Any CPU = Release|Any CPU
	EndGlobalSection
	GlobalSection(ProjectConfigurationPlatforms) = postSolution
		{1F6035E4-9612-4EAC-9B7F-84E34217B87E}.Debug|Any CPU.ActiveCfg = Debug|Any CPU
		{1F6035E4-9612-4EAC-9B7F-84E34217B87E}.Debug|Any CPU.Build.0 = Debug|Any CPU
		{1F6035E4-9612-4EAC-9B7F-84E34217B87E}.Release|Any CPU.ActiveCfg = Release|Any CPU
		{1F6035E4-9612-4EAC-9B7F-84E34217B87E}.Release|Any CPU.Build.0 = Release|Any CPU
		{2B00D4EF-518C-4929-9527-9DF54DE29A1B}.Debug|Any CPU.ActiveCfg = Debug|Any CPU
		{2B00D4EF-518C-4929-9527-9DF54DE29A1B}.Debug|Any CPU.Build.0 = Debug|Any CPU
		{2B00D4EF-518C-4929-9527-9DF54DE29A1B}.Release|Any CPU.ActiveCfg = Release|Any CPU
		{2B00D4EF-518C-4929-9527-9DF54DE29A1B}.Release|Any CPU.Build.0 = Release|Any CPU
		{BD309F6C-ABE2-41C3-9E83-A2E577EDD2DD}.Debug|Any CPU.ActiveCfg = Debug|Any CPU
		{BD309F6C-ABE2-41C3-9E83-A2E577EDD2DD}.Debug|Any CPU.Build.0 = Debug|Any CPU
		{BD309F6C-ABE2-41C3-9E83-A2E577EDD2DD}.Release|Any CPU.ActiveCfg = Release|Any CPU
		{BD309F6C-ABE2-41C3-9E83-A2E577EDD2DD}.Release|Any CPU.Build.0 = Release|Any CPU
		{3AE60326-5304-4331-A466-2E02BE677927}.Debug|Any CPU.ActiveCfg = Debug|Any CPU
		{3AE60326-5304-4331-A466-2E02BE677927}.Debug|Any CPU.Build.0 = Debug|Any CPU
		{3AE60326-5304-4331-A466-2E02BE677927}.Release|Any CPU.ActiveCfg = Release|Any CPU
		{3AE60326-5304-4331-A466-2E02BE677927}.Release|Any CPU.Build.0 = Release|Any CPU
		{FB62C7B3-A8AC-4855-BB26-432641E745F9}.Debug|Any CPU.ActiveCfg = Debug|Any CPU
		{FB62C7B3-A8AC-4855-BB26-432641E745F9}.Debug|Any CPU.Build.0 = Debug|Any CPU
		{FB62C7B3-A8AC-4855-BB26-432641E745F9}.Release|Any CPU.ActiveCfg = Release|Any CPU
		{FB62C7B3-A8AC-4855-BB26-432641E745F9}.Release|Any CPU.Build.0 = Release|Any CPU
		{B2F690BD-2B1A-4252-96A9-E75AF656FEE4}.Debug|Any CPU.ActiveCfg = Debug|Any CPU
		{B2F690BD-2B1A-4252-96A9-E75AF656FEE4}.Debug|Any CPU.Build.0 = Debug|Any CPU
		{B2F690BD-2B1A-4252-96A9-E75AF656FEE4}.Release|Any CPU.ActiveCfg = Release|Any CPU
		{B2F690BD-2B1A-4252-96A9-E75AF656FEE4}.Release|Any CPU.Build.0 = Release|Any CPU
		{1BD1AD52-A529-4384-8339-C5F619CCAAC0}.Debug|Any CPU.ActiveCfg = Debug|Any CPU
		{1BD1AD52-A529-4384-8339-C5F619CCAAC0}.Debug|Any CPU.Build.0 = Debug|Any CPU
		{1BD1AD52-A529-4384-8339-C5F619CCAAC0}.Debug|Any CPU.Deploy.0 = Debug|Any CPU
		{1BD1AD52-A529-4384-8339-C5F619CCAAC0}.Release|Any CPU.ActiveCfg = Release|Any CPU
		{1BD1AD52-A529-4384-8339-C5F619CCAAC0}.Release|Any CPU.Build.0 = Release|Any CPU
		{1BD1AD52-A529-4384-8339-C5F619CCAAC0}.Release|Any CPU.Deploy.0 = Release|Any CPU
	EndGlobalSection
	GlobalSection(SolutionProperties) = preSolution
		HideSolutionNode = FALSE
	EndGlobalSection
	GlobalSection(NestedProjects) = preSolution
		{BD309F6C-ABE2-41C3-9E83-A2E577EDD2DD} = {0A387065-0C97-4FD4-8403-D0CAA493DDEC}
	EndGlobalSection
EndGlobal
